
Microsoft Visual Studio Solution File, Format Version 12.00
# Visual Studio Version 17
VisualStudioVersion = 17.8.34525.116
MinimumVisualStudioVersion = 10.0.40219.1
Project("{FAE04EC0-301F-11D3-BF4B-00C04F79EFBC}") = "TransferRoom.Api", "TransferRoom.Api.csproj", "{5DEE4315-2CF4-47CE-AE3A-9F5FEC809E1F}"
EndProject
Global
	GlobalSection(SolutionConfigurationPlatforms) = preSolution
		Debug|Any CPU = Debug|Any CPU
		Release|Any CPU = Release|Any CPU
	EndGlobalSection
	GlobalSection(ProjectConfigurationPlatforms) = postSolution
		{5DEE4315-2CF4-47CE-AE3A-9F5FEC809E1F}.Debug|Any CPU.ActiveCfg = Debug|Any CPU
		{5DEE4315-2CF4-47CE-AE3A-9F5FEC809E1F}.Debug|Any CPU.Build.0 = Debug|Any CPU
		{5DEE4315-2CF4-47CE-AE3A-9F5FEC809E1F}.Release|Any CPU.ActiveCfg = Release|Any CPU
		{5DEE4315-2CF4-47CE-AE3A-9F5FEC809E1F}.Release|Any CPU.Build.0 = Release|Any CPU
	EndGlobalSection
	GlobalSection(SolutionProperties) = preSolution
		HideSolutionNode = FALSE
	EndGlobalSection
	GlobalSection(ExtensibilityGlobals) = postSolution
		SolutionGuid = {26A1CDE6-5269-443A-91D7-AC27EBF5979E}
	EndGlobalSection
EndGlobal
